
Microsoft Visual Studio Solution File, Format Version 12.00
# Visual Studio Version 16
VisualStudioVersion = 16.0.29009.5
MinimumVisualStudioVersion = 10.0.40219.1
Project("{FAE04EC0-301F-11D3-BF4B-00C04F79EFBC}") = "LockLess", "LockLess\LockLess.csproj", "{A91421CB-7909-4383-BA43-C2992BBBAC22}"
EndProject
Global
	GlobalSection(SolutionConfigurationPlatforms) = preSolution
		Debug|Any CPU = Debug|Any CPU
		Release|Any CPU = Release|Any CPU
	EndGlobalSection
	GlobalSection(ProjectConfigurationPlatforms) = postSolution
		{A91421CB-7909-4383-BA43-C2992BBBAC22}.Debug|Any CPU.ActiveCfg = Debug|Any CPU
		{A91421CB-7909-4383-BA43-C2992BBBAC22}.Debug|Any CPU.Build.0 = Debug|Any CPU
		{A91421CB-7909-4383-BA43-C2992BBBAC22}.Release|Any CPU.ActiveCfg = Release|Any CPU
		{A91421CB-7909-4383-BA43-C2992BBBAC22}.Release|Any CPU.Build.0 = Release|Any CPU
	EndGlobalSection
	GlobalSection(SolutionProperties) = preSolution
		HideSolutionNode = FALSE
	EndGlobalSection
	GlobalSection(ExtensibilityGlobals) = postSolution
		SolutionGuid = {C4AFC5C9-4BF3-435E-AEB5-367647DCA26A}
	EndGlobalSection
EndGlobal
